// !$*UTF8*$!
{
	archiveVersion = 1;
	classes = {
	};
	objectVersion = 55;
	objects = {

/* Begin PBXBuildFile section */
		1C494DA52921E4C200725B77 /* UIView+CSRectAlign.m in Sources */ = {isa = PBXBuildFile; fileRef = 1C494DA42921E4C200725B77 /* UIView+CSRectAlign.m */; };
		1C9A5B51291E3FA500CC95E0 /* AppDelegate.m in Sources */ = {isa = PBXBuildFile; fileRef = 1C9A5B50291E3FA500CC95E0 /* AppDelegate.m */; };
		1C9A5B54291E3FA500CC95E0 /* SceneDelegate.m in Sources */ = {isa = PBXBuildFile; fileRef = 1C9A5B53291E3FA500CC95E0 /* SceneDelegate.m */; };
		1C9A5B57291E3FA500CC95E0 /* ViewController.m in Sources */ = {isa = PBXBuildFile; fileRef = 1C9A5B56291E3FA500CC95E0 /* ViewController.m */; };
		1C9A5B5A291E3FA500CC95E0 /* Main.storyboard in Resources */ = {isa = PBXBuildFile; fileRef = 1C9A5B58291E3FA500CC95E0 /* Main.storyboard */; };
		1C9A5B5C291E3FA600CC95E0 /* Assets.xcassets in Resources */ = {isa = PBXBuildFile; fileRef = 1C9A5B5B291E3FA600CC95E0 /* Assets.xcassets */; };
		1C9A5B5F291E3FA600CC95E0 /* LaunchScreen.storyboard in Resources */ = {isa = PBXBuildFile; fileRef = 1C9A5B5D291E3FA600CC95E0 /* LaunchScreen.storyboard */; };
		1C9A5B62291E3FA600CC95E0 /* main.m in Sources */ = {isa = PBXBuildFile; fileRef = 1C9A5B61291E3FA600CC95E0 /* main.m */; };
		1C9A5B6C291E3FA600CC95E0 /* UIPerformanceTestTests.m in Sources */ = {isa = PBXBuildFile; fileRef = 1C9A5B6B291E3FA600CC95E0 /* UIPerformanceTestTests.m */; };
		1C9A5B76291E3FA600CC95E0 /* UIPerformanceTestUITests.m in Sources */ = {isa = PBXBuildFile; fileRef = 1C9A5B75291E3FA600CC95E0 /* UIPerformanceTestUITests.m */; };
		1C9A5B78291E3FA600CC95E0 /* UIPerformanceTestUITestsLaunchTests.m in Sources */ = {isa = PBXBuildFile; fileRef = 1C9A5B77291E3FA600CC95E0 /* UIPerformanceTestUITestsLaunchTests.m */; };
/* End PBXBuildFile section */

/* Begin PBXContainerItemProxy section */
		1C9A5B68291E3FA600CC95E0 /* PBXContainerItemProxy */ = {
			isa = PBXContainerItemProxy;
			containerPortal = 1C9A5B44291E3FA500CC95E0 /* Project object */;
			proxyType = 1;
			remoteGlobalIDString = 1C9A5B4B291E3FA500CC95E0;
			remoteInfo = UIPerformanceTest;
		};
		1C9A5B72291E3FA600CC95E0 /* PBXContainerItemProxy */ = {
			isa = PBXContainerItemProxy;
			containerPortal = 1C9A5B44291E3FA500CC95E0 /* Project object */;
			proxyType = 1;
			remoteGlobalIDString = 1C9A5B4B291E3FA500CC95E0;
			remoteInfo = UIPerformanceTest;
		};
/* End PBXContainerItemProxy section */

/* Begin PBXFileReference section */
		1C494DA32921E4C200725B77 /* UIView+CSRectAlign.h */ = {isa = PBXFileReference; fileEncoding = 4; lastKnownFileType = sourcecode.c.h; path = "UIView+CSRectAlign.h"; sourceTree = "<group>"; };
		1C494DA42921E4C200725B77 /* UIView+CSRectAlign.m */ = {isa = PBXFileReference; fileEncoding = 4; lastKnownFileType = sourcecode.c.objc; path = "UIView+CSRectAlign.m"; sourceTree = "<group>"; };
		1C9A5B4C291E3FA500CC95E0 /* UIPerformanceTest.app */ = {isa = PBXFileReference; explicitFileType = wrapper.application; includeInIndex = 0; path = UIPerformanceTest.app; sourceTree = BUILT_PRODUCTS_DIR; };
		1C9A5B4F291E3FA500CC95E0 /* AppDelegate.h */ = {isa = PBXFileReference; lastKnownFileType = sourcecode.c.h; path = AppDelegate.h; sourceTree = "<group>"; };
		1C9A5B50291E3FA500CC95E0 /* AppDelegate.m */ = {isa = PBXFileReference; lastKnownFileType = sourcecode.c.objc; path = AppDelegate.m; sourceTree = "<group>"; };
		1C9A5B52291E3FA500CC95E0 /* SceneDelegate.h */ = {isa = PBXFileReference; lastKnownFileType = sourcecode.c.h; path = SceneDelegate.h; sourceTree = "<group>"; };
		1C9A5B53291E3FA500CC95E0 /* SceneDelegate.m */ = {isa = PBXFileReference; lastKnownFileType = sourcecode.c.objc; path = SceneDelegate.m; sourceTree = "<group>"; };
		1C9A5B55291E3FA500CC95E0 /* ViewController.h */ = {isa = PBXFileReference; lastKnownFileType = sourcecode.c.h; path = ViewController.h; sourceTree = "<group>"; };
		1C9A5B56291E3FA500CC95E0 /* ViewController.m */ = {isa = PBXFileReference; lastKnownFileType = sourcecode.c.objc; path = ViewController.m; sourceTree = "<group>"; };
		1C9A5B59291E3FA500CC95E0 /* Base */ = {isa = PBXFileReference; lastKnownFileType = file.storyboard; name = Base; path = Base.lproj/Main.storyboard; sourceTree = "<group>"; };
		1C9A5B5B291E3FA600CC95E0 /* Assets.xcassets */ = {isa = PBXFileReference; lastKnownFileType = folder.assetcatalog; path = Assets.xcassets; sourceTree = "<group>"; };
		1C9A5B5E291E3FA600CC95E0 /* Base */ = {isa = PBXFileReference; lastKnownFileType = file.storyboard; name = Base; path = Base.lproj/LaunchScreen.storyboard; sourceTree = "<group>"; };
		1C9A5B60291E3FA600CC95E0 /* Info.plist */ = {isa = PBXFileReference; lastKnownFileType = text.plist.xml; path = Info.plist; sourceTree = "<group>"; };
		1C9A5B61291E3FA600CC95E0 /* main.m */ = {isa = PBXFileReference; lastKnownFileType = sourcecode.c.objc; path = main.m; sourceTree = "<group>"; };
		1C9A5B67291E3FA600CC95E0 /* UIPerformanceTestTests.xctest */ = {isa = PBXFileReference; explicitFileType = wrapper.cfbundle; includeInIndex = 0; path = UIPerformanceTestTests.xctest; sourceTree = BUILT_PRODUCTS_DIR; };
		1C9A5B6B291E3FA600CC95E0 /* UIPerformanceTestTests.m */ = {isa = PBXFileReference; lastKnownFileType = sourcecode.c.objc; path = UIPerformanceTestTests.m; sourceTree = "<group>"; };
		1C9A5B71291E3FA600CC95E0 /* UIPerformanceTestUITests.xctest */ = {isa = PBXFileReference; explicitFileType = wrapper.cfbundle; includeInIndex = 0; path = UIPerformanceTestUITests.xctest; sourceTree = BUILT_PRODUCTS_DIR; };
		1C9A5B75291E3FA600CC95E0 /* UIPerformanceTestUITests.m */ = {isa = PBXFileReference; lastKnownFileType = sourcecode.c.objc; path = UIPerformanceTestUITests.m; sourceTree = "<group>"; };
		1C9A5B77291E3FA600CC95E0 /* UIPerformanceTestUITestsLaunchTests.m */ = {isa = PBXFileReference; lastKnownFileType = sourcecode.c.objc; path = UIPerformanceTestUITestsLaunchTests.m; sourceTree = "<group>"; };
/* End PBXFileReference section */

/* Begin PBXFrameworksBuildPhase section */
		1C9A5B49291E3FA500CC95E0 /* Frameworks */ = {
			isa = PBXFrameworksBuildPhase;
			buildActionMask = 2147483647;
			files = (
			);
			runOnlyForDeploymentPostprocessing = 0;
		};
		1C9A5B64291E3FA600CC95E0 /* Frameworks */ = {
			isa = PBXFrameworksBuildPhase;
			buildActionMask = 2147483647;
			files = (
			);
			runOnlyForDeploymentPostprocessing = 0;
		};
		1C9A5B6E291E3FA600CC95E0 /* Frameworks */ = {
			isa = PBXFrameworksBuildPhase;
			buildActionMask = 2147483647;
			files = (
			);
			runOnlyForDeploymentPostprocessing = 0;
		};
/* End PBXFrameworksBuildPhase section */

/* Begin PBXGroup section */
		1C494DA22921E4C200725B77 /* Align */ = {
			isa = PBXGroup;
			children = (
				1C494DA32921E4C200725B77 /* UIView+CSRectAlign.h */,
				1C494DA42921E4C200725B77 /* UIView+CSRectAlign.m */,
			);
			path = Align;
			sourceTree = "<group>";
		};
		1C9A5B43291E3FA500CC95E0 = {
			isa = PBXGroup;
			children = (
				1C9A5B4E291E3FA500CC95E0 /* UIPerformanceTest */,
				1C9A5B6A291E3FA600CC95E0 /* UIPerformanceTestTests */,
				1C9A5B74291E3FA600CC95E0 /* UIPerformanceTestUITests */,
				1C9A5B4D291E3FA500CC95E0 /* Products */,
			);
			sourceTree = "<group>";
		};
		1C9A5B4D291E3FA500CC95E0 /* Products */ = {
			isa = PBXGroup;
			children = (
				1C9A5B4C291E3FA500CC95E0 /* UIPerformanceTest.app */,
				1C9A5B67291E3FA600CC95E0 /* UIPerformanceTestTests.xctest */,
				1C9A5B71291E3FA600CC95E0 /* UIPerformanceTestUITests.xctest */,
			);
			name = Products;
			sourceTree = "<group>";
		};
		1C9A5B4E291E3FA500CC95E0 /* UIPerformanceTest */ = {
			isa = PBXGroup;
			children = (
				1C494DA22921E4C200725B77 /* Align */,
				1C9A5B4F291E3FA500CC95E0 /* AppDelegate.h */,
				1C9A5B50291E3FA500CC95E0 /* AppDelegate.m */,
				1C9A5B52291E3FA500CC95E0 /* SceneDelegate.h */,
				1C9A5B53291E3FA500CC95E0 /* SceneDelegate.m */,
				1C9A5B55291E3FA500CC95E0 /* ViewController.h */,
				1C9A5B56291E3FA500CC95E0 /* ViewController.m */,
				1C9A5B58291E3FA500CC95E0 /* Main.storyboard */,
				1C9A5B5B291E3FA600CC95E0 /* Assets.xcassets */,
				1C9A5B5D291E3FA600CC95E0 /* LaunchScreen.storyboard */,
				1C9A5B60291E3FA600CC95E0 /* Info.plist */,
				1C9A5B61291E3FA600CC95E0 /* main.m */,
			);
			path = UIPerformanceTest;
			sourceTree = "<group>";
		};
		1C9A5B6A291E3FA600CC95E0 /* UIPerformanceTestTests */ = {
			isa = PBXGroup;
			children = (
				1C9A5B6B291E3FA600CC95E0 /* UIPerformanceTestTests.m */,
			);
			path = UIPerformanceTestTests;
			sourceTree = "<group>";
		};
		1C9A5B74291E3FA600CC95E0 /* UIPerformanceTestUITests */ = {
			isa = PBXGroup;
			children = (
				1C9A5B75291E3FA600CC95E0 /* UIPerformanceTestUITests.m */,
				1C9A5B77291E3FA600CC95E0 /* UIPerformanceTestUITestsLaunchTests.m */,
			);
			path = UIPerformanceTestUITests;
			sourceTree = "<group>";
		};
/* End PBXGroup section */

/* Begin PBXNativeTarget section */
		1C9A5B4B291E3FA500CC95E0 /* UIPerformanceTest */ = {
			isa = PBXNativeTarget;
			buildConfigurationList = 1C9A5B7B291E3FA600CC95E0 /* Build configuration list for PBXNativeTarget "UIPerformanceTest" */;
			buildPhases = (
				1C9A5B48291E3FA500CC95E0 /* Sources */,
				1C9A5B49291E3FA500CC95E0 /* Frameworks */,
				1C9A5B4A291E3FA500CC95E0 /* Resources */,
			);
			buildRules = (
			);
			dependencies = (
			);
			name = UIPerformanceTest;
			productName = UIPerformanceTest;
			productReference = 1C9A5B4C291E3FA500CC95E0 /* UIPerformanceTest.app */;
			productType = "com.apple.product-type.application";
		};
		1C9A5B66291E3FA600CC95E0 /* UIPerformanceTestTests */ = {
			isa = PBXNativeTarget;
			buildConfigurationList = 1C9A5B7E291E3FA600CC95E0 /* Build configuration list for PBXNativeTarget "UIPerformanceTestTests" */;
			buildPhases = (
				1C9A5B63291E3FA600CC95E0 /* Sources */,
				1C9A5B64291E3FA600CC95E0 /* Frameworks */,
				1C9A5B65291E3FA600CC95E0 /* Resources */,
			);
			buildRules = (
			);
			dependencies = (
				1C9A5B69291E3FA600CC95E0 /* PBXTargetDependency */,
			);
			name = UIPerformanceTestTests;
			productName = UIPerformanceTestTests;
			productReference = 1C9A5B67291E3FA600CC95E0 /* UIPerformanceTestTests.xctest */;
			productType = "com.apple.product-type.bundle.unit-test";
		};
		1C9A5B70291E3FA600CC95E0 /* UIPerformanceTestUITests */ = {
			isa = PBXNativeTarget;
			buildConfigurationList = 1C9A5B81291E3FA600CC95E0 /* Build configuration list for PBXNativeTarget "UIPerformanceTestUITests" */;
			buildPhases = (
				1C9A5B6D291E3FA600CC95E0 /* Sources */,
				1C9A5B6E291E3FA600CC95E0 /* Frameworks */,
				1C9A5B6F291E3FA600CC95E0 /* Resources */,
			);
			buildRules = (
			);
			dependencies = (
				1C9A5B73291E3FA600CC95E0 /* PBXTargetDependency */,
			);
			name = UIPerformanceTestUITests;
			productName = UIPerformanceTestUITests;
			productReference = 1C9A5B71291E3FA600CC95E0 /* UIPerformanceTestUITests.xctest */;
			productType = "com.apple.product-type.bundle.ui-testing";
		};
/* End PBXNativeTarget section */

/* Begin PBXProject section */
		1C9A5B44291E3FA500CC95E0 /* Project object */ = {
			isa = PBXProject;
			attributes = {
				BuildIndependentTargetsInParallel = 1;
				LastUpgradeCheck = 1310;
				TargetAttributes = {
					1C9A5B4B291E3FA500CC95E0 = {
						CreatedOnToolsVersion = 13.1;
					};
					1C9A5B66291E3FA600CC95E0 = {
						CreatedOnToolsVersion = 13.1;
						TestTargetID = 1C9A5B4B291E3FA500CC95E0;
					};
					1C9A5B70291E3FA600CC95E0 = {
						CreatedOnToolsVersion = 13.1;
						TestTargetID = 1C9A5B4B291E3FA500CC95E0;
					};
				};
			};
			buildConfigurationList = 1C9A5B47291E3FA500CC95E0 /* Build configuration list for PBXProject "UIPerformanceTest" */;
			compatibilityVersion = "Xcode 13.0";
			developmentRegion = en;
			hasScannedForEncodings = 0;
			knownRegions = (
				en,
				Base,
			);
			mainGroup = 1C9A5B43291E3FA500CC95E0;
			productRefGroup = 1C9A5B4D291E3FA500CC95E0 /* Products */;
			projectDirPath = "";
			projectRoot = "";
			targets = (
				1C9A5B4B291E3FA500CC95E0 /* UIPerformanceTest */,
				1C9A5B66291E3FA600CC95E0 /* UIPerformanceTestTests */,
				1C9A5B70291E3FA600CC95E0 /* UIPerformanceTestUITests */,
			);
		};
/* End PBXProject section */

/* Begin PBXResourcesBuildPhase section */
		1C9A5B4A291E3FA500CC95E0 /* Resources */ = {
			isa = PBXResourcesBuildPhase;
			buildActionMask = 2147483647;
			files = (
				1C9A5B5F291E3FA600CC95E0 /* LaunchScreen.storyboard in Resources */,
				1C9A5B5C291E3FA600CC95E0 /* Assets.xcassets in Resources */,
				1C9A5B5A291E3FA500CC95E0 /* Main.storyboard in Resources */,
			);
			runOnlyForDeploymentPostprocessing = 0;
		};
		1C9A5B65291E3FA600CC95E0 /* Resources */ = {
			isa = PBXResourcesBuildPhase;
			buildActionMask = 2147483647;
			files = (
			);
			runOnlyForDeploymentPostprocessing = 0;
		};
		1C9A5B6F291E3FA600CC95E0 /* Resources */ = {
			isa = PBXResourcesBuildPhase;
			buildActionMask = 2147483647;
			files = (
			);
			runOnlyForDeploymentPostprocessing = 0;
		};
/* End PBXResourcesBuildPhase section */

/* Begin PBXSourcesBuildPhase section */
		1C9A5B48291E3FA500CC95E0 /* Sources */ = {
			isa = PBXSourcesBuildPhase;
			buildActionMask = 2147483647;
			files = (
				1C9A5B57291E3FA500CC95E0 /* ViewController.m in Sources */,
				1C9A5B51291E3FA500CC95E0 /* AppDelegate.m in Sources */,
				1C494DA52921E4C200725B77 /* UIView+CSRectAlign.m in Sources */,
				1C9A5B62291E3FA600CC95E0 /* main.m in Sources */,
				1C9A5B54291E3FA500CC95E0 /* SceneDelegate.m in Sources */,
			);
			runOnlyForDeploymentPostprocessing = 0;
		};
		1C9A5B63291E3FA600CC95E0 /* Sources */ = {
			isa = PBXSourcesBuildPhase;
			buildActionMask = 2147483647;
			files = (
				1C9A5B6C291E3FA600CC95E0 /* UIPerformanceTestTests.m in Sources */,
			);
			runOnlyForDeploymentPostprocessing = 0;
		};
		1C9A5B6D291E3FA600CC95E0 /* Sources */ = {
			isa = PBXSourcesBuildPhase;
			buildActionMask = 2147483647;
			files = (
				1C9A5B76291E3FA600CC95E0 /* UIPerformanceTestUITests.m in Sources */,
				1C9A5B78291E3FA600CC95E0 /* UIPerformanceTestUITestsLaunchTests.m in Sources */,
			);
			runOnlyForDeploymentPostprocessing = 0;
		};
/* End PBXSourcesBuildPhase section */

/* Begin PBXTargetDependency section */
		1C9A5B69291E3FA600CC95E0 /* PBXTargetDependency */ = {
			isa = PBXTargetDependency;
			target = 1C9A5B4B291E3FA500CC95E0 /* UIPerformanceTest */;
			targetProxy = 1C9A5B68291E3FA600CC95E0 /* PBXContainerItemProxy */;
		};
		1C9A5B73291E3FA600CC95E0 /* PBXTargetDependency */ = {
			isa = PBXTargetDependency;
			target = 1C9A5B4B291E3FA500CC95E0 /* UIPerformanceTest */;
			targetProxy = 1C9A5B72291E3FA600CC95E0 /* PBXContainerItemProxy */;
		};
/* End PBXTargetDependency section */

/* Begin PBXVariantGroup section */
		1C9A5B58291E3FA500CC95E0 /* Main.storyboard */ = {
			isa = PBXVariantGroup;
			children = (
				1C9A5B59291E3FA500CC95E0 /* Base */,
			);
			name = Main.storyboard;
			sourceTree = "<group>";
		};
		1C9A5B5D291E3FA600CC95E0 /* LaunchScreen.storyboard */ = {
			isa = PBXVariantGroup;
			children = (
				1C9A5B5E291E3FA600CC95E0 /* Base */,
			);
			name = LaunchScreen.storyboard;
			sourceTree = "<group>";
		};
/* End PBXVariantGroup section */

/* Begin XCBuildConfiguration section */
		1C9A5B79291E3FA600CC95E0 /* Debug */ = {
			isa = XCBuildConfiguration;
			buildSettings = {
				ALWAYS_SEARCH_USER_PATHS = NO;
				CLANG_ANALYZER_NONNULL = YES;
				CLANG_ANALYZER_NUMBER_OBJECT_CONVERSION = YES_AGGRESSIVE;
				CLANG_CXX_LANGUAGE_STANDARD = "gnu++17";
				CLANG_CXX_LIBRARY = "libc++";
				CLANG_ENABLE_MODULES = YES;
				CLANG_ENABLE_OBJC_ARC = YES;
				CLANG_ENABLE_OBJC_WEAK = YES;
				CLANG_WARN_BLOCK_CAPTURE_AUTORELEASING = YES;
				CLANG_WARN_BOOL_CONVERSION = YES;
				CLANG_WARN_COMMA = YES;
				CLANG_WARN_CONSTANT_CONVERSION = YES;
				CLANG_WARN_DEPRECATED_OBJC_IMPLEMENTATIONS = YES;
				CLANG_WARN_DIRECT_OBJC_ISA_USAGE = YES_ERROR;
				CLANG_WARN_DOCUMENTATION_COMMENTS = YES;
				CLANG_WARN_EMPTY_BODY = YES;
				CLANG_WARN_ENUM_CONVERSION = YES;
				CLANG_WARN_INFINITE_RECURSION = YES;
				CLANG_WARN_INT_CONVERSION = YES;
				CLANG_WARN_NON_LITERAL_NULL_CONVERSION = YES;
				CLANG_WARN_OBJC_IMPLICIT_RETAIN_SELF = YES;
				CLANG_WARN_OBJC_LITERAL_CONVERSION = YES;
				CLANG_WARN_OBJC_ROOT_CLASS = YES_ERROR;
				CLANG_WARN_QUOTED_INCLUDE_IN_FRAMEWORK_HEADER = YES;
				CLANG_WARN_RANGE_LOOP_ANALYSIS = YES;
				CLANG_WARN_STRICT_PROTOTYPES = YES;
				CLANG_WARN_SUSPICIOUS_MOVE = YES;
				CLANG_WARN_UNGUARDED_AVAILABILITY = YES_AGGRESSIVE;
				CLANG_WARN_UNREACHABLE_CODE = YES;
				CLANG_WARN__DUPLICATE_METHOD_MATCH = YES;
				COPY_PHASE_STRIP = NO;
				DEBUG_INFORMATION_FORMAT = dwarf;
				ENABLE_STRICT_OBJC_MSGSEND = YES;
				ENABLE_TESTABILITY = YES;
				GCC_C_LANGUAGE_STANDARD = gnu11;
				GCC_DYNAMIC_NO_PIC = NO;
				GCC_NO_COMMON_BLOCKS = YES;
				GCC_OPTIMIZATION_LEVEL = 0;
				GCC_PREPROCESSOR_DEFINITIONS = (
					"DEBUG=1",
					"$(inherited)",
				);
				GCC_WARN_64_TO_32_BIT_CONVERSION = YES;
				GCC_WARN_ABOUT_RETURN_TYPE = YES_ERROR;
				GCC_WARN_UNDECLARED_SELECTOR = YES;
				GCC_WARN_UNINITIALIZED_AUTOS = YES_AGGRESSIVE;
				GCC_WARN_UNUSED_FUNCTION = YES;
				GCC_WARN_UNUSED_VARIABLE = YES;
				IPHONEOS_DEPLOYMENT_TARGET = 15.0;
				MTL_ENABLE_DEBUG_INFO = INCLUDE_SOURCE;
				MTL_FAST_MATH = YES;
				ONLY_ACTIVE_ARCH = YES;
				SDKROOT = iphoneos;
			};
			name = Debug;
		};
		1C9A5B7A291E3FA600CC95E0 /* Release */ = {
			isa = XCBuildConfiguration;
			buildSettings = {
				ALWAYS_SEARCH_USER_PATHS = NO;
				CLANG_ANALYZER_NONNULL = YES;
				CLANG_ANALYZER_NUMBER_OBJECT_CONVERSION = YES_AGGRESSIVE;
				CLANG_CXX_LANGUAGE_STANDARD = "gnu++17";
				CLANG_CXX_LIBRARY = "libc++";
				CLANG_ENABLE_MODULES = YES;
				CLANG_ENABLE_OBJC_ARC = YES;
				CLANG_ENABLE_OBJC_WEAK = YES;
				CLANG_WARN_BLOCK_CAPTURE_AUTORELEASING = YES;
				CLANG_WARN_BOOL_CONVERSION = YES;
				CLANG_WARN_COMMA = YES;
				CLANG_WARN_CONSTANT_CONVERSION = YES;
				CLANG_WARN_DEPRECATED_OBJC_IMPLEMENTATIONS = YES;
				CLANG_WARN_DIRECT_OBJC_ISA_USAGE = YES_ERROR;
				CLANG_WARN_DOCUMENTATION_COMMENTS = YES;
				CLANG_WARN_EMPTY_BODY = YES;
				CLANG_WARN_ENUM_CONVERSION = YES;
				CLANG_WARN_INFINITE_RECURSION = YES;
				CLANG_WARN_INT_CONVERSION = YES;
				CLANG_WARN_NON_LITERAL_NULL_CONVERSION = YES;
				CLANG_WARN_OBJC_IMPLICIT_RETAIN_SELF = YES;
				CLANG_WARN_OBJC_LITERAL_CONVERSION = YES;
				CLANG_WARN_OBJC_ROOT_CLASS = YES_ERROR;
				CLANG_WARN_QUOTED_INCLUDE_IN_FRAMEWORK_HEADER = YES;
				CLANG_WARN_RANGE_LOOP_ANALYSIS = YES;
				CLANG_WARN_STRICT_PROTOTYPES = YES;
				CLANG_WARN_SUSPICIOUS_MOVE = YES;
				CLANG_WARN_UNGUARDED_AVAILABILITY = YES_AGGRESSIVE;
				CLANG_WARN_UNREACHABLE_CODE = YES;
				CLANG_WARN__DUPLICATE_METHOD_MATCH = YES;
				COPY_PHASE_STRIP = NO;
				DEBUG_INFORMATION_FORMAT = "dwarf-with-dsym";
				ENABLE_NS_ASSERTIONS = NO;
				ENABLE_STRICT_OBJC_MSGSEND = YES;
				GCC_C_LANGUAGE_STANDARD = gnu11;
				GCC_NO_COMMON_BLOCKS = YES;
				GCC_WARN_64_TO_32_BIT_CONVERSION = YES;
				GCC_WARN_ABOUT_RETURN_TYPE = YES_ERROR;
				GCC_WARN_UNDECLARED_SELECTOR = YES;
				GCC_WARN_UNINITIALIZED_AUTOS = YES_AGGRESSIVE;
				GCC_WARN_UNUSED_FUNCTION = YES;
				GCC_WARN_UNUSED_VARIABLE = YES;
				IPHONEOS_DEPLOYMENT_TARGET = 15.0;
				MTL_ENABLE_DEBUG_INFO = NO;
				MTL_FAST_MATH = YES;
				SDKROOT = iphoneos;
				VALIDATE_PRODUCT = YES;
			};
			name = Release;
		};
		1C9A5B7C291E3FA600CC95E0 /* Debug */ = {
			isa = XCBuildConfiguration;
			buildSettings = {
				ASSETCATALOG_COMPILER_APPICON_NAME = AppIcon;
				ASSETCATALOG_COMPILER_GLOBAL_ACCENT_COLOR_NAME = AccentColor;
				CODE_SIGN_STYLE = Automatic;
				CURRENT_PROJECT_VERSION = 1;
				DEVELOPMENT_TEAM = 5KMQ9JHW68;
				GENERATE_INFOPLIST_FILE = YES;
				INFOPLIST_FILE = UIPerformanceTest/Info.plist;
				INFOPLIST_KEY_UIApplicationSupportsIndirectInputEvents = YES;
				INFOPLIST_KEY_UILaunchStoryboardName = LaunchScreen;
				INFOPLIST_KEY_UIMainStoryboardFile = Main;
				INFOPLIST_KEY_UISupportedInterfaceOrientations_iPad = "UIInterfaceOrientationPortrait UIInterfaceOrientationPortraitUpsideDown UIInterfaceOrientationLandscapeLeft UIInterfaceOrientationLandscapeRight";
				INFOPLIST_KEY_UISupportedInterfaceOrientations_iPhone = "UIInterfaceOrientationPortrait UIInterfaceOrientationLandscapeLeft UIInterfaceOrientationLandscapeRight";
				LD_RUNPATH_SEARCH_PATHS = (
					"$(inherited)",
					"@executable_path/Frameworks",
				);
				MARKETING_VERSION = 1.0;
				PRODUCT_BUNDLE_IDENTIFIER = "-.UIPerformanceTest";
				PRODUCT_NAME = "$(TARGET_NAME)";
				SWIFT_EMIT_LOC_STRINGS = YES;
				TARGETED_DEVICE_FAMILY = "1,2";
			};
			name = Debug;
		};
		1C9A5B7D291E3FA600CC95E0 /* Release */ = {
			isa = XCBuildConfiguration;
			buildSettings = {
				ASSETCATALOG_COMPILER_APPICON_NAME = AppIcon;
				ASSETCATALOG_COMPILER_GLOBAL_ACCENT_COLOR_NAME = AccentColor;
				CODE_SIGN_STYLE = Automatic;
				CURRENT_PROJECT_VERSION = 1;
				DEVELOPMENT_TEAM = 5KMQ9JHW68;
				GENERATE_INFOPLIST_FILE = YES;
				INFOPLIST_FILE = UIPerformanceTest/Info.plist;
				INFOPLIST_KEY_UIApplicationSupportsIndirectInputEvents = YES;
				INFOPLIST_KEY_UILaunchStoryboardName = LaunchScreen;
				INFOPLIST_KEY_UIMainStoryboardFile = Main;
				INFOPLIST_KEY_UISupportedInterfaceOrientations_iPad = "UIInterfaceOrientationPortrait UIInterfaceOrientationPortraitUpsideDown UIInterfaceOrientationLandscapeLeft UIInterfaceOrientationLandscapeRight";
				INFOPLIST_KEY_UISupportedInterfaceOrientations_iPhone = "UIInterfaceOrientationPortrait UIInterfaceOrientationLandscapeLeft UIInterfaceOrientationLandscapeRight";
				LD_RUNPATH_SEARCH_PATHS = (
					"$(inherited)",
					"@executable_path/Frameworks",
				);
				MARKETING_VERSION = 1.0;
				PRODUCT_BUNDLE_IDENTIFIER = "-.UIPerformanceTest";
				PRODUCT_NAME = "$(TARGET_NAME)";
				SWIFT_EMIT_LOC_STRINGS = YES;
				TARGETED_DEVICE_FAMILY = "1,2";
			};
			name = Release;
		};
		1C9A5B7F291E3FA600CC95E0 /* Debug */ = {
			isa = XCBuildConfiguration;
			buildSettings = {
				BUNDLE_LOADER = "$(TEST_HOST)";
				CODE_SIGN_STYLE = Automatic;
				CURRENT_PROJECT_VERSION = 1;
				DEVELOPMENT_TEAM = 5KMQ9JHW68;
				GENERATE_INFOPLIST_FILE = YES;
				IPHONEOS_DEPLOYMENT_TARGET = 15.0;
				LD_RUNPATH_SEARCH_PATHS = (
					"$(inherited)",
					"@executable_path/Frameworks",
					"@loader_path/Frameworks",
				);
				MARKETING_VERSION = 1.0;
				PRODUCT_BUNDLE_IDENTIFIER = "-.UIPerformanceTestTests";
				PRODUCT_NAME = "$(TARGET_NAME)";
				SWIFT_EMIT_LOC_STRINGS = NO;
				TARGETED_DEVICE_FAMILY = "1,2";
				TEST_HOST = "$(BUILT_PRODUCTS_DIR)/UIPerformanceTest.app/UIPerformanceTest";
			};
			name = Debug;
		};
		1C9A5B80291E3FA600CC95E0 /* Release */ = {
			isa = XCBuildConfiguration;
			buildSettings = {
				BUNDLE_LOADER = "$(TEST_HOST)";
				CODE_SIGN_STYLE = Automatic;
				CURRENT_PROJECT_VERSION = 1;
				DEVELOPMENT_TEAM = 5KMQ9JHW68;
				GENERATE_INFOPLIST_FILE = YES;
				IPHONEOS_DEPLOYMENT_TARGET = 15.0;
				LD_RUNPATH_SEARCH_PATHS = (
					"$(inherited)",
					"@executable_path/Frameworks",
					"@loader_path/Frameworks",
				);
				MARKETING_VERSION = 1.0;
				PRODUCT_BUNDLE_IDENTIFIER = "-.UIPerformanceTestTests";
				PRODUCT_NAME = "$(TARGET_NAME)";
				SWIFT_EMIT_LOC_STRINGS = NO;
				TARGETED_DEVICE_FAMILY = "1,2";
				TEST_HOST = "$(BUILT_PRODUCTS_DIR)/UIPerformanceTest.app/UIPerformanceTest";
			};
			name = Release;
		};
		1C9A5B82291E3FA600CC95E0 /* Debug */ = {
			isa = XCBuildConfiguration;
			buildSettings = {
				CODE_SIGN_STYLE = Automatic;
				CURRENT_PROJECT_VERSION = 1;
				DEVELOPMENT_TEAM = 5KMQ9JHW68;
				GENERATE_INFOPLIST_FILE = YES;
				LD_RUNPATH_SEARCH_PATHS = (
					"$(inherited)",
					"@executable_path/Frameworks",
					"@loader_path/Frameworks",
				);
				MARKETING_VERSION = 1.0;
				PRODUCT_BUNDLE_IDENTIFIER = "-.UIPerformanceTestUITests";
				PRODUCT_NAME = "$(TARGET_NAME)";
				SWIFT_EMIT_LOC_STRINGS = NO;
				TARGETED_DEVICE_FAMILY = "1,2";
				TEST_TARGET_NAME = UIPerformanceTest;
			};
			name = Debug;
		};
		1C9A5B83291E3FA600CC95E0 /* Release */ = {
			isa = XCBuildConfiguration;
			buildSettings = {
				CODE_SIGN_STYLE = Automatic;
				CURRENT_PROJECT_VERSION = 1;
				DEVELOPMENT_TEAM = 5KMQ9JHW68;
				GENERATE_INFOPLIST_FILE = YES;
				LD_RUNPATH_SEARCH_PATHS = (
					"$(inherited)",
					"@executable_path/Frameworks",
					"@loader_path/Frameworks",
				);
				MARKETING_VERSION = 1.0;
				PRODUCT_BUNDLE_IDENTIFIER = "-.UIPerformanceTestUITests";
				PRODUCT_NAME = "$(TARGET_NAME)";
				SWIFT_EMIT_LOC_STRINGS = NO;
				TARGETED_DEVICE_FAMILY = "1,2";
				TEST_TARGET_NAME = UIPerformanceTest;
			};
			name = Release;
		};
/* End XCBuildConfiguration section */

/* Begin XCConfigurationList section */
		1C9A5B47291E3FA500CC95E0 /* Build configuration list for PBXProject "UIPerformanceTest" */ = {
			isa = XCConfigurationList;
			buildConfigurations = (
				1C9A5B79291E3FA600CC95E0 /* Debug */,
				1C9A5B7A291E3FA600CC95E0 /* Release */,
			);
			defaultConfigurationIsVisible = 0;
			defaultConfigurationName = Release;
		};
		1C9A5B7B291E3FA600CC95E0 /* Build configuration list for PBXNativeTarget "UIPerformanceTest" */ = {
			isa = XCConfigurationList;
			buildConfigurations = (
				1C9A5B7C291E3FA600CC95E0 /* Debug */,
				1C9A5B7D291E3FA600CC95E0 /* Release */,
			);
			defaultConfigurationIsVisible = 0;
			defaultConfigurationName = Release;
		};
		1C9A5B7E291E3FA600CC95E0 /* Build configuration list for PBXNativeTarget "UIPerformanceTestTests" */ = {
			isa = XCConfigurationList;
			buildConfigurations = (
				1C9A5B7F291E3FA600CC95E0 /* Debug */,
				1C9A5B80291E3FA600CC95E0 /* Release */,
			);
			defaultConfigurationIsVisible = 0;
			defaultConfigurationName = Release;
		};
		1C9A5B81291E3FA600CC95E0 /* Build configuration list for PBXNativeTarget "UIPerformanceTestUITests" */ = {
			isa = XCConfigurationList;
			buildConfigurations = (
				1C9A5B82291E3FA600CC95E0 /* Debug */,
				1C9A5B83291E3FA600CC95E0 /* Release */,
			);
			defaultConfigurationIsVisible = 0;
			defaultConfigurationName = Release;
		};
/* End XCConfigurationList section */
	};
	rootObject = 1C9A5B44291E3FA500CC95E0 /* Project object */;
}
